
Microsoft Visual Studio Solution File, Format Version 12.00
# Visual Studio Version 17
VisualStudioVersion = 17.8.34511.84
MinimumVisualStudioVersion = 10.0.40219.1
Project("{FAE04EC0-301F-11D3-BF4B-00C04F79EFBC}") = "U5-W3-D1", "U5-W3-D1\U5-W3-D1.csproj", "{BA5ED217-D5C0-4E20-8AB9-AC2328180B41}"
EndProject
Global
	GlobalSection(SolutionConfigurationPlatforms) = preSolution
		Debug|Any CPU = Debug|Any CPU
		Release|Any CPU = Release|Any CPU
	EndGlobalSection
	GlobalSection(ProjectConfigurationPlatforms) = postSolution
		{BA5ED217-D5C0-4E20-8AB9-AC2328180B41}.Debug|Any CPU.ActiveCfg = Debug|Any CPU
		{BA5ED217-D5C0-4E20-8AB9-AC2328180B41}.Debug|Any CPU.Build.0 = Debug|Any CPU
		{BA5ED217-D5C0-4E20-8AB9-AC2328180B41}.Release|Any CPU.ActiveCfg = Release|Any CPU
		{BA5ED217-D5C0-4E20-8AB9-AC2328180B41}.Release|Any CPU.Build.0 = Release|Any CPU
	EndGlobalSection
	GlobalSection(SolutionProperties) = preSolution
		HideSolutionNode = FALSE
	EndGlobalSection
	GlobalSection(ExtensibilityGlobals) = postSolution
		SolutionGuid = {0B46B654-56E2-424A-93E2-92D6FE34CFBF}
	EndGlobalSection
EndGlobal
